
Microsoft Visual Studio Solution File, Format Version 12.00
# Visual Studio 2012
Project("{FAE04EC0-301F-11D3-BF4B-00C04F79EFBC}") = "mcm.core", "mcm.core\mcm.core.csproj", "{0CD2C51E-A28A-48CB-9E6E-7F9D62DE0AEE}"
EndProject
Project("{FAE04EC0-301F-11D3-BF4B-00C04F79EFBC}") = "mcm.mc", "mcm.mc\mcm.mc.csproj", "{834ABC49-D1BF-4946-B119-465FEB183490}"
EndProject
Project("{FAE04EC0-301F-11D3-BF4B-00C04F79EFBC}") = "mcm.plugins", "mcm.plugins\mcm.plugins.csproj", "{FDDFE649-3B5F-4D2F-A60F-D03C0AAB7839}"
EndProject
Project("{FAE04EC0-301F-11D3-BF4B-00C04F79EFBC}") = "mcm-wpf", "mcm-wpf\mcm-wpf.csproj", "{E1F5BF83-EBBC-49C2-98F3-E875C1F076B2}"
EndProject
Project("{FAE04EC0-301F-11D3-BF4B-00C04F79EFBC}") = "mcm-gui", "mcm-gui\mcm-gui.csproj", "{9CE4C6BB-33C7-4D6E-B5FF-2EB101E645D0}"
EndProject
Project("{FAE04EC0-301F-11D3-BF4B-00C04F79EFBC}") = "mcm.news", "mcm.news\mcm.news.csproj", "{A736307C-B038-49FB-84C2-A83AAC06DFD8}"
EndProject
Global
	GlobalSection(SolutionConfigurationPlatforms) = preSolution
		Debug|Any CPU = Debug|Any CPU
		Release|Any CPU = Release|Any CPU
	EndGlobalSection
	GlobalSection(ProjectConfigurationPlatforms) = postSolution
		{0CD2C51E-A28A-48CB-9E6E-7F9D62DE0AEE}.Debug|Any CPU.ActiveCfg = Debug|x86
		{0CD2C51E-A28A-48CB-9E6E-7F9D62DE0AEE}.Debug|Any CPU.Build.0 = Debug|x86
		{0CD2C51E-A28A-48CB-9E6E-7F9D62DE0AEE}.Release|Any CPU.ActiveCfg = Release|x86
		{834ABC49-D1BF-4946-B119-465FEB183490}.Debug|Any CPU.ActiveCfg = Debug|x86
		{834ABC49-D1BF-4946-B119-465FEB183490}.Debug|Any CPU.Build.0 = Debug|x86
		{834ABC49-D1BF-4946-B119-465FEB183490}.Release|Any CPU.ActiveCfg = Release|x86
		{9CE4C6BB-33C7-4D6E-B5FF-2EB101E645D0}.Debug|Any CPU.ActiveCfg = Debug|Any CPU
		{9CE4C6BB-33C7-4D6E-B5FF-2EB101E645D0}.Debug|Any CPU.Build.0 = Debug|Any CPU
		{9CE4C6BB-33C7-4D6E-B5FF-2EB101E645D0}.Release|Any CPU.ActiveCfg = Release|Any CPU
		{9CE4C6BB-33C7-4D6E-B5FF-2EB101E645D0}.Release|Any CPU.Build.0 = Release|Any CPU
		{A736307C-B038-49FB-84C2-A83AAC06DFD8}.Debug|Any CPU.ActiveCfg = Debug|Any CPU
		{A736307C-B038-49FB-84C2-A83AAC06DFD8}.Debug|Any CPU.Build.0 = Debug|Any CPU
		{A736307C-B038-49FB-84C2-A83AAC06DFD8}.Release|Any CPU.ActiveCfg = Release|Any CPU
		{A736307C-B038-49FB-84C2-A83AAC06DFD8}.Release|Any CPU.Build.0 = Release|Any CPU
		{E1F5BF83-EBBC-49C2-98F3-E875C1F076B2}.Debug|Any CPU.ActiveCfg = Debug|Any CPU
		{E1F5BF83-EBBC-49C2-98F3-E875C1F076B2}.Debug|Any CPU.Build.0 = Debug|Any CPU
		{E1F5BF83-EBBC-49C2-98F3-E875C1F076B2}.Release|Any CPU.ActiveCfg = Release|Any CPU
		{E1F5BF83-EBBC-49C2-98F3-E875C1F076B2}.Release|Any CPU.Build.0 = Release|Any CPU
		{FDDFE649-3B5F-4D2F-A60F-D03C0AAB7839}.Debug|Any CPU.ActiveCfg = Debug|x86
		{FDDFE649-3B5F-4D2F-A60F-D03C0AAB7839}.Debug|Any CPU.Build.0 = Debug|x86
		{FDDFE649-3B5F-4D2F-A60F-D03C0AAB7839}.Release|Any CPU.ActiveCfg = Release|x86
	EndGlobalSection
	GlobalSection(MonoDevelopProperties) = preSolution
		StartupItem = mcm.core\mcm.core.csproj
	EndGlobalSection
	GlobalSection(SolutionProperties) = preSolution
		HideSolutionNode = FALSE
	EndGlobalSection
EndGlobal
